
Microsoft Visual Studio Solution File, Format Version 12.00
# Visual Studio Version 17
VisualStudioVersion = 17.14.37012.4 d17.14
MinimumVisualStudioVersion = 10.0.40219.1
Project("{FAE04EC0-301F-11D3-BF4B-00C04F79EFBC}") = "Supertris", "Supertris\Supertris.csproj", "{C231898A-18B7-4960-9FEB-9B9804ED82E0}"
EndProject
Global
	GlobalSection(SolutionConfigurationPlatforms) = preSolution
		Debug|Any CPU = Debug|Any CPU
		Release|Any CPU = Release|Any CPU
	EndGlobalSection
	GlobalSection(ProjectConfigurationPlatforms) = postSolution
		{C231898A-18B7-4960-9FEB-9B9804ED82E0}.Debug|Any CPU.ActiveCfg = Debug|Any CPU
		{C231898A-18B7-4960-9FEB-9B9804ED82E0}.Debug|Any CPU.Build.0 = Debug|Any CPU
		{C231898A-18B7-4960-9FEB-9B9804ED82E0}.Release|Any CPU.ActiveCfg = Release|Any CPU
		{C231898A-18B7-4960-9FEB-9B9804ED82E0}.Release|Any CPU.Build.0 = Release|Any CPU
	EndGlobalSection
	GlobalSection(SolutionProperties) = preSolution
		HideSolutionNode = FALSE
	EndGlobalSection
	GlobalSection(ExtensibilityGlobals) = postSolution
		SolutionGuid = {49F2D95D-441C-465A-8482-4CF46C692354}
	EndGlobalSection
EndGlobal
